PODS:
  - FootlessParser (0.5.2)
  - NorthLayout (5.2.0):
    - FootlessParser (~> 0.4)
  - Watchface (0.0.2)
  - ZIPFoundation (0.9.11)
  - "※ikemen (0.6.0)"

DEPENDENCIES:
  - NorthLayout
  - Watchface
  - ZIPFoundation
  - "※ikemen"

SPEC REPOS:
  trunk:
    - FootlessParser
    - NorthLayout
    - Watchface
    - ZIPFoundation
    - "※ikemen"

SPEC CHECKSUMS:
  FootlessParser: 521916d592fa6cba06cfca6f4b5d4f5a2d49175a
  NorthLayout: 308a58a8f7d96f316e6399ff6432f8769321bbdf
  Watchface: bd8c7f8dd54c08305d0070dd4a08591d25548b43
  ZIPFoundation: b1f0de4eed33e74a676f76e12559ab6b75990197
  "※ikemen": da47fe6e0acfbe241611221f4d98ade266bf50a2

PODFILE CHECKSUM: e38e3d78acaa2e8a93fa102789b42428470406a5

COCOAPODS: 1.10.0.rc.1
