// !$*UTF8*$!
{
	archiveVersion = 1;
	classes = {
	};
	objectVersion = 46;
	objects = {

/* Begin PBXBuildFile section */
		13277FE71DFCD183001AED4B /* OverviewTouchBarItemProvider.swift in Sources */ = {isa = PBXBuildFile; fileRef = 13277FE61DFCD183001AED4B /* OverviewTouchBarItemProvider.swift */; };
		C2C41F0CC51A39D97981D73D /* Pods_LoveLiver_osx.framework in Frameworks */ = {isa = PBXBuildFile; fileRef = 3B34746BF27B18F34F5E26C5 /* Pods_LoveLiver_osx.framework */; };
		EA27F5EF1C98426A00C23F40 /* MovieOverviewControl.swift in Sources */ = {isa = PBXBuildFile; fileRef = EA27F5EE1C98426A00C23F40 /* MovieOverviewControl.swift */; };
		EA379AB91C68DE6D00106AEF /* AppDelegate.swift in Sources */ = {isa = PBXBuildFile; fileRef = EA379AB81C68DE6D00106AEF /* AppDelegate.swift */; };
		EA379ABB1C68DE6D00106AEF /* Assets.xcassets in Resources */ = {isa = PBXBuildFile; fileRef = EA379ABA1C68DE6D00106AEF /* Assets.xcassets */; };
		EA379ABE1C68DE6D00106AEF /* MainMenu.xib in Resources */ = {isa = PBXBuildFile; fileRef = EA379ABC1C68DE6D00106AEF /* MainMenu.xib */; };
		EA379ADA1C6A283500106AEF /* MovieDocument.swift in Sources */ = {isa = PBXBuildFile; fileRef = EA379AD81C6A283500106AEF /* MovieDocument.swift */; };
		EA379ADD1C6A2E8800106AEF /* MovieDocumentViewController.swift in Sources */ = {isa = PBXBuildFile; fileRef = EA379ADC1C6A2E8800106AEF /* MovieDocumentViewController.swift */; };
		EA379ADE1C6A33A500106AEF /* JPEG.swift in Sources */ = {isa = PBXBuildFile; fileRef = 133DFE3A1BC8C69900902407 /* JPEG.swift */; };
		EA379ADF1C6A33A700106AEF /* QuickTimeMov.swift in Sources */ = {isa = PBXBuildFile; fileRef = 133DFE3C1BC8C6EF00902407 /* QuickTimeMov.swift */; };
		EA6D28871C9EF0FD00F06E79 /* AVKitExtension.swift in Sources */ = {isa = PBXBuildFile; fileRef = EA6D28861C9EF0FD00F06E79 /* AVKitExtension.swift */; };
		EA6D28891C9EF49200F06E79 /* LivePhotoSandboxViewController.swift in Sources */ = {isa = PBXBuildFile; fileRef = EA6D28881C9EF49200F06E79 /* LivePhotoSandboxViewController.swift */; };
		EA88135F1C9ED065000CE151 /* MovieOverviewViewController.swift in Sources */ = {isa = PBXBuildFile; fileRef = EA88135E1C9ED065000CE151 /* MovieOverviewViewController.swift */; };
/* End PBXBuildFile section */

/* Begin PBXFileReference section */
		13277FE61DFCD183001AED4B /* OverviewTouchBarItemProvider.swift */ = {isa = PBXFileReference; fileEncoding = 4; lastKnownFileType = sourcecode.swift; path = OverviewTouchBarItemProvider.swift; sourceTree = "<group>"; };
		133DFE3A1BC8C69900902407 /* JPEG.swift */ = {isa = PBXFileReference; fileEncoding = 4; lastKnownFileType = sourcecode.swift; path = JPEG.swift; sourceTree = "<group>"; };
		133DFE3C1BC8C6EF00902407 /* QuickTimeMov.swift */ = {isa = PBXFileReference; fileEncoding = 4; lastKnownFileType = sourcecode.swift; path = QuickTimeMov.swift; sourceTree = "<group>"; };
		3B34746BF27B18F34F5E26C5 /* Pods_LoveLiver_osx.framework */ = {isa = PBXFileReference; explicitFileType = wrapper.framework; includeInIndex = 0; path = Pods_LoveLiver_osx.framework; sourceTree = BUILT_PRODUCTS_DIR; };
		4F0CA317E59A557EE5DD45B6 /* Pods-LoveLiver-osx.release.xcconfig */ = {isa = PBXFileReference; includeInIndex = 1; lastKnownFileType = text.xcconfig; name = "Pods-LoveLiver-osx.release.xcconfig"; path = "Pods/Target Support Files/Pods-LoveLiver-osx/Pods-LoveLiver-osx.release.xcconfig"; sourceTree = "<group>"; };
		DCD5B633553004CEA3DAF5F6 /* Pods-LoveLiver-osx.debug.xcconfig */ = {isa = PBXFileReference; includeInIndex = 1; lastKnownFileType = text.xcconfig; name = "Pods-LoveLiver-osx.debug.xcconfig"; path = "Pods/Target Support Files/Pods-LoveLiver-osx/Pods-LoveLiver-osx.debug.xcconfig"; sourceTree = "<group>"; };
		EA27F5EE1C98426A00C23F40 /* MovieOverviewControl.swift */ = {isa = PBXFileReference; fileEncoding = 4; lastKnownFileType = sourcecode.swift; path = MovieOverviewControl.swift; sourceTree = "<group>"; };
		EA379AB61C68DE6D00106AEF /* LoveLiver.app */ = {isa = PBXFileReference; explicitFileType = wrapper.application; includeInIndex = 0; path = LoveLiver.app; sourceTree = BUILT_PRODUCTS_DIR; };
		EA379AB81C68DE6D00106AEF /* AppDelegate.swift */ = {isa = PBXFileReference; lastKnownFileType = sourcecode.swift; path = AppDelegate.swift; sourceTree = "<group>"; };
		EA379ABA1C68DE6D00106AEF /* Assets.xcassets */ = {isa = PBXFileReference; lastKnownFileType = folder.assetcatalog; path = Assets.xcassets; sourceTree = "<group>"; };
		EA379ABD1C68DE6D00106AEF /* Base */ = {isa = PBXFileReference; lastKnownFileType = file.xib; name = Base; path = Base.lproj/MainMenu.xib; sourceTree = "<group>"; };
		EA379ABF1C68DE6D00106AEF /* Info.plist */ = {isa = PBXFileReference; lastKnownFileType = text.plist.xml; path = Info.plist; sourceTree = "<group>"; };
		EA379AD81C6A283500106AEF /* MovieDocument.swift */ = {isa = PBXFileReference; fileEncoding = 4; lastKnownFileType = sourcecode.swift; path = MovieDocument.swift; sourceTree = "<group>"; };
		EA379ADC1C6A2E8800106AEF /* MovieDocumentViewController.swift */ = {isa = PBXFileReference; fileEncoding = 4; lastKnownFileType = sourcecode.swift; path = MovieDocumentViewController.swift; sourceTree = "<group>"; };
		EA6D28861C9EF0FD00F06E79 /* AVKitExtension.swift */ = {isa = PBXFileReference; fileEncoding = 4; lastKnownFileType = sourcecode.swift; path = AVKitExtension.swift; sourceTree = "<group>"; };
		EA6D28881C9EF49200F06E79 /* LivePhotoSandboxViewController.swift */ = {isa = PBXFileReference; fileEncoding = 4; lastKnownFileType = sourcecode.swift; path = LivePhotoSandboxViewController.swift; sourceTree = "<group>"; };
		EA88135E1C9ED065000CE151 /* MovieOverviewViewController.swift */ = {isa = PBXFileReference; fileEncoding = 4; lastKnownFileType = sourcecode.swift; path = MovieOverviewViewController.swift; sourceTree = "<group>"; };
/* End PBXFileReference section */

/* Begin PBXFrameworksBuildPhase section */
		EA379AB31C68DE6D00106AEF /* Frameworks */ = {
			isa = PBXFrameworksBuildPhase;
			buildActionMask = 2147483647;
			files = (
				C2C41F0CC51A39D97981D73D /* Pods_LoveLiver_osx.framework in Frameworks */,
			);
			runOnlyForDeploymentPostprocessing = 0;
		};
/* End PBXFrameworksBuildPhase section */

/* Begin PBXGroup section */
		0D762A778661040BF90B4214 /* Pods */ = {
			isa = PBXGroup;
			children = (
				DCD5B633553004CEA3DAF5F6 /* Pods-LoveLiver-osx.debug.xcconfig */,
				4F0CA317E59A557EE5DD45B6 /* Pods-LoveLiver-osx.release.xcconfig */,
			);
			name = Pods;
			sourceTree = "<group>";
		};
		133DFE1C1BC8B71100902407 = {
			isa = PBXGroup;
			children = (
				133DFE271BC8B71100902407 /* LoveLiver */,
				EA379AB71C68DE6D00106AEF /* LoveLiver-osx */,
				133DFE261BC8B71100902407 /* Products */,
				0D762A778661040BF90B4214 /* Pods */,
				A5911014E6D1DEA080967902 /* Frameworks */,
			);
			sourceTree = "<group>";
		};
		133DFE261BC8B71100902407 /* Products */ = {
			isa = PBXGroup;
			children = (
				EA379AB61C68DE6D00106AEF /* LoveLiver.app */,
			);
			name = Products;
			sourceTree = "<group>";
		};
		133DFE271BC8B71100902407 /* LoveLiver */ = {
			isa = PBXGroup;
			children = (
				133DFE3A1BC8C69900902407 /* JPEG.swift */,
				133DFE3C1BC8C6EF00902407 /* QuickTimeMov.swift */,
			);
			path = LoveLiver;
			sourceTree = "<group>";
		};
		A5911014E6D1DEA080967902 /* Frameworks */ = {
			isa = PBXGroup;
			children = (
				3B34746BF27B18F34F5E26C5 /* Pods_LoveLiver_osx.framework */,
			);
			name = Frameworks;
			sourceTree = "<group>";
		};
		EA379AB71C68DE6D00106AEF /* LoveLiver-osx */ = {
			isa = PBXGroup;
			children = (
				EA379AB81C68DE6D00106AEF /* AppDelegate.swift */,
				EA379AD81C6A283500106AEF /* MovieDocument.swift */,
				EA379ADC1C6A2E8800106AEF /* MovieDocumentViewController.swift */,
				EA88135E1C9ED065000CE151 /* MovieOverviewViewController.swift */,
				EA6D28881C9EF49200F06E79 /* LivePhotoSandboxViewController.swift */,
				EA27F5EE1C98426A00C23F40 /* MovieOverviewControl.swift */,
				13277FE61DFCD183001AED4B /* OverviewTouchBarItemProvider.swift */,
				EA6D28861C9EF0FD00F06E79 /* AVKitExtension.swift */,
				EA379ABA1C68DE6D00106AEF /* Assets.xcassets */,
				EA379ABC1C68DE6D00106AEF /* MainMenu.xib */,
				EA379ABF1C68DE6D00106AEF /* Info.plist */,
			);
			path = "LoveLiver-osx";
			sourceTree = "<group>";
		};
/* End PBXGroup section */

/* Begin PBXNativeTarget section */
		EA379AB51C68DE6D00106AEF /* LoveLiver-osx */ = {
			isa = PBXNativeTarget;
			buildConfigurationList = EA379AC21C68DE6D00106AEF /* Build configuration list for PBXNativeTarget "LoveLiver-osx" */;
			buildPhases = (
				84A9B9667A59E6E73A3C7C91 /* [CP] Check Pods Manifest.lock */,
				EA379AB21C68DE6D00106AEF /* Sources */,
				EA379AB31C68DE6D00106AEF /* Frameworks */,
				EA379AB41C68DE6D00106AEF /* Resources */,
				B6AC598A4BA044ACC8349FBC /* [CP] Embed Pods Frameworks */,
				2E4D54806FC3D28A38335C53 /* [CP] Copy Pods Resources */,
			);
			buildRules = (
			);
			dependencies = (
			);
			name = "LoveLiver-osx";
			productName = "LoveLiver-osx";
			productReference = EA379AB61C68DE6D00106AEF /* LoveLiver.app */;
			productType = "com.apple.product-type.application";
		};
/* End PBXNativeTarget section */

/* Begin PBXProject section */
		133DFE1D1BC8B71100902407 /* Project object */ = {
			isa = PBXProject;
			attributes = {
				LastSwiftUpdateCheck = 0720;
				LastUpgradeCheck = 0700;
				ORGANIZATIONNAME = mzp;
				TargetAttributes = {
					EA379AB51C68DE6D00106AEF = {
						CreatedOnToolsVersion = 7.2;
						LastSwiftMigration = 0810;
					};
				};
			};
			buildConfigurationList = 133DFE201BC8B71100902407 /* Build configuration list for PBXProject "LoveLiver" */;
			compatibilityVersion = "Xcode 3.2";
			developmentRegion = English;
			hasScannedForEncodings = 0;
			knownRegions = (
				en,
				Base,
			);
			mainGroup = 133DFE1C1BC8B71100902407;
			productRefGroup = 133DFE261BC8B71100902407 /* Products */;
			projectDirPath = "";
			projectRoot = "";
			targets = (
				EA379AB51C68DE6D00106AEF /* LoveLiver-osx */,
			);
		};
/* End PBXProject section */

/* Begin PBXResourcesBuildPhase section */
		EA379AB41C68DE6D00106AEF /* Resources */ = {
			isa = PBXResourcesBuildPhase;
			buildActionMask = 2147483647;
			files = (
				EA379ABB1C68DE6D00106AEF /* Assets.xcassets in Resources */,
				EA379ABE1C68DE6D00106AEF /* MainMenu.xib in Resources */,
			);
			runOnlyForDeploymentPostprocessing = 0;
		};
/* End PBXResourcesBuildPhase section */

/* Begin PBXShellScriptBuildPhase section */
		2E4D54806FC3D28A38335C53 /* [CP] Copy Pods Resources */ = {
			isa = PBXShellScriptBuildPhase;
			buildActionMask = 2147483647;
			files = (
			);
			inputPaths = (
			);
			name = "[CP] Copy Pods Resources";
			outputPaths = (
			);
			runOnlyForDeploymentPostprocessing = 0;
			shellPath = /bin/sh;
			shellScript = "\"${SRCROOT}/Pods/Target Support Files/Pods-LoveLiver-osx/Pods-LoveLiver-osx-resources.sh\"\n";
			showEnvVarsInLog = 0;
		};
		84A9B9667A59E6E73A3C7C91 /* [CP] Check Pods Manifest.lock */ = {
			isa = PBXShellScriptBuildPhase;
			buildActionMask = 2147483647;
			files = (
			);
			inputPaths = (
				"${PODS_PODFILE_DIR_PATH}/Podfile.lock",
				"${PODS_ROOT}/Manifest.lock",
			);
			name = "[CP] Check Pods Manifest.lock";
			outputPaths = (
				"$(DERIVED_FILE_DIR)/Pods-LoveLiver-osx-checkManifestLockResult.txt",
			);
			runOnlyForDeploymentPostprocessing = 0;
			shellPath = /bin/sh;
			shellScript = "diff \"${PODS_PODFILE_DIR_PATH}/Podfile.lock\" \"${PODS_ROOT}/Manifest.lock\" > /dev/null\nif [ $? != 0 ] ; then\n    # print error to STDERR\n    echo \"error: The sandbox is not in sync with the Podfile.lock. Run 'pod install' or update your CocoaPods installation.\" >&2\n    exit 1\nfi\n# This output is used by Xcode 'outputs' to avoid re-running this script phase.\necho \"SUCCESS\" > \"${SCRIPT_OUTPUT_FILE_0}\"\n";
			showEnvVarsInLog = 0;
		};
		B6AC598A4BA044ACC8349FBC /* [CP] Embed Pods Frameworks */ = {
			isa = PBXShellScriptBuildPhase;
			buildActionMask = 2147483647;
			files = (
			);
			inputPaths = (
				"${SRCROOT}/Pods/Target Support Files/Pods-LoveLiver-osx/Pods-LoveLiver-osx-frameworks.sh",
				"${BUILT_PRODUCTS_DIR}/NorthLayout/NorthLayout.framework",
				"${BUILT_PRODUCTS_DIR}/※ikemen/Ikemen.framework",
			);
			name = "[CP] Embed Pods Frameworks";
			outputPaths = (
				"${TARGET_BUILD_DIR}/${FRAMEWORKS_FOLDER_PATH}/NorthLayout.framework",
				"${TARGET_BUILD_DIR}/${FRAMEWORKS_FOLDER_PATH}/Ikemen.framework",
			);
			runOnlyForDeploymentPostprocessing = 0;
			shellPath = /bin/sh;
			shellScript = "\"${SRCROOT}/Pods/Target Support Files/Pods-LoveLiver-osx/Pods-LoveLiver-osx-frameworks.sh\"\n";
			showEnvVarsInLog = 0;
		};
/* End PBXShellScriptBuildPhase section */

/* Begin PBXSourcesBuildPhase section */
		EA379AB21C68DE6D00106AEF /* Sources */ = {
			isa = PBXSourcesBuildPhase;
			buildActionMask = 2147483647;
			files = (
				EA379AB91C68DE6D00106AEF /* AppDelegate.swift in Sources */,
				EA6D28891C9EF49200F06E79 /* LivePhotoSandboxViewController.swift in Sources */,
				EA379ADF1C6A33A700106AEF /* QuickTimeMov.swift in Sources */,
				EA379ADA1C6A283500106AEF /* MovieDocument.swift in Sources */,
				EA6D28871C9EF0FD00F06E79 /* AVKitExtension.swift in Sources */,
				EA27F5EF1C98426A00C23F40 /* MovieOverviewControl.swift in Sources */,
				EA379ADD1C6A2E8800106AEF /* MovieDocumentViewController.swift in Sources */,
				EA88135F1C9ED065000CE151 /* MovieOverviewViewController.swift in Sources */,
				13277FE71DFCD183001AED4B /* OverviewTouchBarItemProvider.swift in Sources */,
				EA379ADE1C6A33A500106AEF /* JPEG.swift in Sources */,
			);
			runOnlyForDeploymentPostprocessing = 0;
		};
/* End PBXSourcesBuildPhase section */

/* Begin PBXVariantGroup section */
		EA379ABC1C68DE6D00106AEF /* MainMenu.xib */ = {
			isa = PBXVariantGroup;
			children = (
				EA379ABD1C68DE6D00106AEF /* Base */,
			);
			name = MainMenu.xib;
			sourceTree = "<group>";
		};
/* End PBXVariantGroup section */

/* Begin XCBuildConfiguration section */
		133DFE2A1BC8B71100902407 /* Debug */ = {
			isa = XCBuildConfiguration;
			buildSettings = {
				ALWAYS_SEARCH_USER_PATHS = NO;
				CLANG_CXX_LANGUAGE_STANDARD = "gnu++0x";
				CLANG_CXX_LIBRARY = "libc++";
				CLANG_ENABLE_MODULES = YES;
				CLANG_ENABLE_OBJC_ARC = YES;
				CLANG_WARN_BOOL_CONVERSION = YES;
				CLANG_WARN_CONSTANT_CONVERSION = YES;
				CLANG_WARN_DIRECT_OBJC_ISA_USAGE = YES_ERROR;
				CLANG_WARN_EMPTY_BODY = YES;
				CLANG_WARN_ENUM_CONVERSION = YES;
				CLANG_WARN_INT_CONVERSION = YES;
				CLANG_WARN_OBJC_ROOT_CLASS = YES_ERROR;
				CLANG_WARN_UNREACHABLE_CODE = YES;
				CLANG_WARN__DUPLICATE_METHOD_MATCH = YES;
				COPY_PHASE_STRIP = NO;
				DEBUG_INFORMATION_FORMAT = dwarf;
				ENABLE_STRICT_OBJC_MSGSEND = YES;
				ENABLE_TESTABILITY = YES;
				GCC_C_LANGUAGE_STANDARD = gnu99;
				GCC_DYNAMIC_NO_PIC = NO;
				GCC_NO_COMMON_BLOCKS = YES;
				GCC_OPTIMIZATION_LEVEL = 0;
				GCC_PREPROCESSOR_DEFINITIONS = (
					"DEBUG=1",
					"$(inherited)",
				);
				GCC_WARN_64_TO_32_BIT_CONVERSION = YES;
				GCC_WARN_ABOUT_RETURN_TYPE = YES_ERROR;
				GCC_WARN_UNDECLARED_SELECTOR = YES;
				GCC_WARN_UNINITIALIZED_AUTOS = YES_AGGRESSIVE;
				GCC_WARN_UNUSED_FUNCTION = YES;
				GCC_WARN_UNUSED_VARIABLE = YES;
				MACOSX_DEPLOYMENT_TARGET = 10.11;
				MTL_ENABLE_DEBUG_INFO = YES;
				ONLY_ACTIVE_ARCH = YES;
				SDKROOT = macosx;
				SWIFT_OPTIMIZATION_LEVEL = "-Onone";
			};
			name = Debug;
		};
		133DFE2B1BC8B71100902407 /* Release */ = {
			isa = XCBuildConfiguration;
			buildSettings = {
				ALWAYS_SEARCH_USER_PATHS = NO;
				CLANG_CXX_LANGUAGE_STANDARD = "gnu++0x";
				CLANG_CXX_LIBRARY = "libc++";
				CLANG_ENABLE_MODULES = YES;
				CLANG_ENABLE_OBJC_ARC = YES;
				CLANG_WARN_BOOL_CONVERSION = YES;
				CLANG_WARN_CONSTANT_CONVERSION = YES;
				CLANG_WARN_DIRECT_OBJC_ISA_USAGE = YES_ERROR;
				CLANG_WARN_EMPTY_BODY = YES;
				CLANG_WARN_ENUM_CONVERSION = YES;
				CLANG_WARN_INT_CONVERSION = YES;
				CLANG_WARN_OBJC_ROOT_CLASS = YES_ERROR;
				CLANG_WARN_UNREACHABLE_CODE = YES;
				CLANG_WARN__DUPLICATE_METHOD_MATCH = YES;
				COPY_PHASE_STRIP = NO;
				DEBUG_INFORMATION_FORMAT = "dwarf-with-dsym";
				ENABLE_NS_ASSERTIONS = NO;
				ENABLE_STRICT_OBJC_MSGSEND = YES;
				GCC_C_LANGUAGE_STANDARD = gnu99;
				GCC_NO_COMMON_BLOCKS = YES;
				GCC_WARN_64_TO_32_BIT_CONVERSION = YES;
				GCC_WARN_ABOUT_RETURN_TYPE = YES_ERROR;
				GCC_WARN_UNDECLARED_SELECTOR = YES;
				GCC_WARN_UNINITIALIZED_AUTOS = YES_AGGRESSIVE;
				GCC_WARN_UNUSED_FUNCTION = YES;
				GCC_WARN_UNUSED_VARIABLE = YES;
				MACOSX_DEPLOYMENT_TARGET = 10.11;
				MTL_ENABLE_DEBUG_INFO = NO;
				SDKROOT = macosx;
			};
			name = Release;
		};
		EA379AC01C68DE6D00106AEF /* Debug */ = {
			isa = XCBuildConfiguration;
			baseConfigurationReference = DCD5B633553004CEA3DAF5F6 /* Pods-LoveLiver-osx.debug.xcconfig */;
			buildSettings = {
				ASSETCATALOG_COMPILER_APPICON_NAME = AppIcon;
				CODE_SIGN_IDENTITY = "-";
				COMBINE_HIDPI_IMAGES = YES;
				INFOPLIST_FILE = "LoveLiver-osx/Info.plist";
				LD_RUNPATH_SEARCH_PATHS = "$(inherited) @executable_path/../Frameworks";
				PRODUCT_BUNDLE_IDENTIFIER = "jp.mzp.LoveLiver-osx";
				PRODUCT_NAME = LoveLiver;
				SWIFT_VERSION = 3.0;
			};
			name = Debug;
		};
		EA379AC11C68DE6D00106AEF /* Release */ = {
			isa = XCBuildConfiguration;
			baseConfigurationReference = 4F0CA317E59A557EE5DD45B6 /* Pods-LoveLiver-osx.release.xcconfig */;
			buildSettings = {
				ASSETCATALOG_COMPILER_APPICON_NAME = AppIcon;
				CODE_SIGN_IDENTITY = "-";
				COMBINE_HIDPI_IMAGES = YES;
				INFOPLIST_FILE = "LoveLiver-osx/Info.plist";
				LD_RUNPATH_SEARCH_PATHS = "$(inherited) @executable_path/../Frameworks";
				PRODUCT_BUNDLE_IDENTIFIER = "jp.mzp.LoveLiver-osx";
				PRODUCT_NAME = LoveLiver;
				SWIFT_VERSION = 3.0;
			};
			name = Release;
		};
/* End XCBuildConfiguration section */

/* Begin XCConfigurationList section */
		133DFE201BC8B71100902407 /* Build configuration list for PBXProject "LoveLiver" */ = {
			isa = XCConfigurationList;
			buildConfigurations = (
				133DFE2A1BC8B71100902407 /* Debug */,
				133DFE2B1BC8B71100902407 /* Release */,
			);
			defaultConfigurationIsVisible = 0;
			defaultConfigurationName = Release;
		};
		EA379AC21C68DE6D00106AEF /* Build configuration list for PBXNativeTarget "LoveLiver-osx" */ = {
			isa = XCConfigurationList;
			buildConfigurations = (
				EA379AC01C68DE6D00106AEF /* Debug */,
				EA379AC11C68DE6D00106AEF /* Release */,
			);
			defaultConfigurationIsVisible = 0;
			defaultConfigurationName = Release;
		};
/* End XCConfigurationList section */
	};
	rootObject = 133DFE1D1BC8B71100902407 /* Project object */;
}
